// !$*UTF8*$!
{
	archiveVersion = 1;
	classes = {
	};
	objectVersion = 56;
	objects = {

/* Begin PBXBuildFile section */
		C8E4E00229AFA4FB0022374C /* AppDelegate.swift in Sources */ = {isa = PBXBuildFile; fileRef = C8E4E00129AFA4FB0022374C /* AppDelegate.swift */; };
		C8E4E00429AFA4FB0022374C /* GameScene.sks in Resources */ = {isa = PBXBuildFile; fileRef = C8E4E00329AFA4FB0022374C /* GameScene.sks */; };
		C8E4E00829AFA4FB0022374C /* GameScene.swift in Sources */ = {isa = PBXBuildFile; fileRef = C8E4E00729AFA4FB0022374C /* GameScene.swift */; };
		C8E4E00A29AFA4FB0022374C /* GameViewController.swift in Sources */ = {isa = PBXBuildFile; fileRef = C8E4E00929AFA4FB0022374C /* GameViewController.swift */; };
		C8E4E00D29AFA4FB0022374C /* Main.storyboard in Resources */ = {isa = PBXBuildFile; fileRef = C8E4E00B29AFA4FB0022374C /* Main.storyboard */; };
		C8E4E00F29AFA4FD0022374C /* Assets.xcassets in Resources */ = {isa = PBXBuildFile; fileRef = C8E4E00E29AFA4FD0022374C /* Assets.xcassets */; };
		C8E4E01229AFA4FD0022374C /* LaunchScreen.storyboard in Resources */ = {isa = PBXBuildFile; fileRef = C8E4E01029AFA4FD0022374C /* LaunchScreen.storyboard */; };
		C8E4E03929AFA7D90022374C /* thunder.ogg in Resources */ = {isa = PBXBuildFile; fileRef = C8E4E02629AFA7D80022374C /* thunder.ogg */; };
		C8E4E03A29AFA7D90022374C /* yay.ogg in Resources */ = {isa = PBXBuildFile; fileRef = C8E4E02729AFA7D80022374C /* yay.ogg */; };
		C8E4E03B29AFA7D90022374C /* engine.ogg in Resources */ = {isa = PBXBuildFile; fileRef = C8E4E02829AFA7D80022374C /* engine.ogg */; };
		C8E4E03C29AFA7D90022374C /* engine.mp3 in Resources */ = {isa = PBXBuildFile; fileRef = C8E4E02929AFA7D80022374C /* engine.mp3 */; };
		C8E4E03D29AFA7D90022374C /* thunder.mp3 in Resources */ = {isa = PBXBuildFile; fileRef = C8E4E02A29AFA7D80022374C /* thunder.mp3 */; };
		C8E4E03E29AFA7D90022374C /* yay.mp3 in Resources */ = {isa = PBXBuildFile; fileRef = C8E4E02B29AFA7D80022374C /* yay.mp3 */; };
		C8E4E03F29AFA7D90022374C /* Dock51.ttf in Resources */ = {isa = PBXBuildFile; fileRef = C8E4E02D29AFA7D80022374C /* Dock51.ttf */; };
		C8E4E04429AFA9CD0022374C /* GameObject.swift in Sources */ = {isa = PBXBuildFile; fileRef = C8E4E04329AFA9CD0022374C /* GameObject.swift */; };
		C8E4E04629AFA9D90022374C /* GameProtocol.swift in Sources */ = {isa = PBXBuildFile; fileRef = C8E4E04529AFA9D90022374C /* GameProtocol.swift */; };
		C8E4E04829AFA9E90022374C /* Layer.swift in Sources */ = {isa = PBXBuildFile; fileRef = C8E4E04729AFA9E90022374C /* Layer.swift */; };
		C8E4E04D29AFABBF0022374C /* Ocean.swift in Sources */ = {isa = PBXBuildFile; fileRef = C8E4E04C29AFABBF0022374C /* Ocean.swift */; };
		C8E4E04F29AFABCC0022374C /* Island.swift in Sources */ = {isa = PBXBuildFile; fileRef = C8E4E04E29AFABCC0022374C /* Island.swift */; };
		C8E4E05129AFABDA0022374C /* Player.swift in Sources */ = {isa = PBXBuildFile; fileRef = C8E4E05029AFABDA0022374C /* Player.swift */; };
		C8E4E05329AFABE30022374C /* Cloud.swift in Sources */ = {isa = PBXBuildFile; fileRef = C8E4E05229AFABE30022374C /* Cloud.swift */; };
/* End PBXBuildFile section */

/* Begin PBXFileReference section */
		C8E4DFFE29AFA4FB0022374C /* MAPD724-W2022-MidTerm-301287641.app */ = {isa = PBXFileReference; explicitFileType = wrapper.application; includeInIndex = 0; path = "MAPD724-W2022-MidTerm-301287641.app"; sourceTree = BUILT_PRODUCTS_DIR; };
		C8E4E00129AFA4FB0022374C /* AppDelegate.swift */ = {isa = PBXFileReference; lastKnownFileType = sourcecode.swift; path = AppDelegate.swift; sourceTree = "<group>"; };
		C8E4E00329AFA4FB0022374C /* GameScene.sks */ = {isa = PBXFileReference; lastKnownFileType = file.sks; path = GameScene.sks; sourceTree = "<group>"; };
		C8E4E00729AFA4FB0022374C /* GameScene.swift */ = {isa = PBXFileReference; lastKnownFileType = sourcecode.swift; path = GameScene.swift; sourceTree = "<group>"; };
		C8E4E00929AFA4FB0022374C /* GameViewController.swift */ = {isa = PBXFileReference; lastKnownFileType = sourcecode.swift; path = GameViewController.swift; sourceTree = "<group>"; };
		C8E4E00C29AFA4FB0022374C /* Base */ = {isa = PBXFileReference; lastKnownFileType = file.storyboard; name = Base; path = Base.lproj/Main.storyboard; sourceTree = "<group>"; };
		C8E4E00E29AFA4FD0022374C /* Assets.xcassets */ = {isa = PBXFileReference; lastKnownFileType = folder.assetcatalog; path = Assets.xcassets; sourceTree = "<group>"; };
		C8E4E01129AFA4FD0022374C /* Base */ = {isa = PBXFileReference; lastKnownFileType = file.storyboard; name = Base; path = Base.lproj/LaunchScreen.storyboard; sourceTree = "<group>"; };
		C8E4E02629AFA7D80022374C /* thunder.ogg */ = {isa = PBXFileReference; lastKnownFileType = file; path = thunder.ogg; sourceTree = "<group>"; };
		C8E4E02729AFA7D80022374C /* yay.ogg */ = {isa = PBXFileReference; lastKnownFileType = file; path = yay.ogg; sourceTree = "<group>"; };
		C8E4E02829AFA7D80022374C /* engine.ogg */ = {isa = PBXFileReference; lastKnownFileType = file; path = engine.ogg; sourceTree = "<group>"; };
		C8E4E02929AFA7D80022374C /* engine.mp3 */ = {isa = PBXFileReference; lastKnownFileType = audio.mp3; path = engine.mp3; sourceTree = "<group>"; };
		C8E4E02A29AFA7D80022374C /* thunder.mp3 */ = {isa = PBXFileReference; lastKnownFileType = audio.mp3; path = thunder.mp3; sourceTree = "<group>"; };
		C8E4E02B29AFA7D80022374C /* yay.mp3 */ = {isa = PBXFileReference; lastKnownFileType = audio.mp3; path = yay.mp3; sourceTree = "<group>"; };
		C8E4E02D29AFA7D80022374C /* Dock51.ttf */ = {isa = PBXFileReference; lastKnownFileType = file; path = Dock51.ttf; sourceTree = "<group>"; };
		C8E4E04329AFA9CD0022374C /* GameObject.swift */ = {isa = PBXFileReference; lastKnownFileType = sourcecode.swift; path = GameObject.swift; sourceTree = "<group>"; };
		C8E4E04529AFA9D90022374C /* GameProtocol.swift */ = {isa = PBXFileReference; lastKnownFileType = sourcecode.swift; path = GameProtocol.swift; sourceTree = "<group>"; };
		C8E4E04729AFA9E90022374C /* Layer.swift */ = {isa = PBXFileReference; lastKnownFileType = sourcecode.swift; path = Layer.swift; sourceTree = "<group>"; };
		C8E4E04C29AFABBF0022374C /* Ocean.swift */ = {isa = PBXFileReference; lastKnownFileType = sourcecode.swift; path = Ocean.swift; sourceTree = "<group>"; };
		C8E4E04E29AFABCC0022374C /* Island.swift */ = {isa = PBXFileReference; lastKnownFileType = sourcecode.swift; path = Island.swift; sourceTree = "<group>"; };
		C8E4E05029AFABDA0022374C /* Player.swift */ = {isa = PBXFileReference; lastKnownFileType = sourcecode.swift; path = Player.swift; sourceTree = "<group>"; };
		C8E4E05229AFABE30022374C /* Cloud.swift */ = {isa = PBXFileReference; lastKnownFileType = sourcecode.swift; path = Cloud.swift; sourceTree = "<group>"; };
/* End PBXFileReference section */

/* Begin PBXFrameworksBuildPhase section */
		C8E4DFFB29AFA4FB0022374C /* Frameworks */ = {
			isa = PBXFrameworksBuildPhase;
			buildActionMask = 2147483647;
			files = (
			);
			runOnlyForDeploymentPostprocessing = 0;
		};
/* End PBXFrameworksBuildPhase section */

/* Begin PBXGroup section */
		C8E4DFF529AFA4FB0022374C = {
			isa = PBXGroup;
			children = (
				C8E4E00029AFA4FB0022374C /* MAPD724-W2022-MidTerm-301287641 */,
				C8E4DFFF29AFA4FB0022374C /* Products */,
			);
			sourceTree = "<group>";
		};
		C8E4DFFF29AFA4FB0022374C /* Products */ = {
			isa = PBXGroup;
			children = (
				C8E4DFFE29AFA4FB0022374C /* MAPD724-W2022-MidTerm-301287641.app */,
			);
			name = Products;
			sourceTree = "<group>";
		};
		C8E4E00029AFA4FB0022374C /* MAPD724-W2022-MidTerm-301287641 */ = {
			isa = PBXGroup;
			children = (
				C8E4E05629AFAC780022374C /* Controller */,
				C8E4E05429AFAC120022374C /* Views */,
				C8E4E04B29AFAB9C0022374C /* Managers */,
				C8E4E04A29AFAB810022374C /* Scenes */,
				C8E4E04929AFAB710022374C /* GameObjects */,
				C8E4E04229AFA9AD0022374C /* Core */,
				C8E4E04129AFA9A60022374C /* asset */,
				C8E4E00129AFA4FB0022374C /* AppDelegate.swift */,
				C8E4E00E29AFA4FD0022374C /* Assets.xcassets */,
			);
			path = "MAPD724-W2022-MidTerm-301287641";
			sourceTree = "<group>";
		};
		C8E4E02529AFA7D80022374C /* audio */ = {
			isa = PBXGroup;
			children = (
				C8E4E02629AFA7D80022374C /* thunder.ogg */,
				C8E4E02729AFA7D80022374C /* yay.ogg */,
				C8E4E02829AFA7D80022374C /* engine.ogg */,
				C8E4E02929AFA7D80022374C /* engine.mp3 */,
				C8E4E02A29AFA7D80022374C /* thunder.mp3 */,
				C8E4E02B29AFA7D80022374C /* yay.mp3 */,
			);
			path = audio;
			sourceTree = "<group>";
		};
		C8E4E02C29AFA7D80022374C /* fonts */ = {
			isa = PBXGroup;
			children = (
				C8E4E02D29AFA7D80022374C /* Dock51.ttf */,
			);
			path = fonts;
			sourceTree = "<group>";
		};
		C8E4E04129AFA9A60022374C /* asset */ = {
			isa = PBXGroup;
			children = (
				C8E4E02C29AFA7D80022374C /* fonts */,
				C8E4E02529AFA7D80022374C /* audio */,
			);
			path = asset;
			sourceTree = "<group>";
		};
		C8E4E04229AFA9AD0022374C /* Core */ = {
			isa = PBXGroup;
			children = (
				C8E4E04329AFA9CD0022374C /* GameObject.swift */,
				C8E4E04529AFA9D90022374C /* GameProtocol.swift */,
				C8E4E04729AFA9E90022374C /* Layer.swift */,
			);
			path = Core;
			sourceTree = "<group>";
		};
		C8E4E04929AFAB710022374C /* GameObjects */ = {
			isa = PBXGroup;
			children = (
				C8E4E04C29AFABBF0022374C /* Ocean.swift */,
				C8E4E04E29AFABCC0022374C /* Island.swift */,
				C8E4E05029AFABDA0022374C /* Player.swift */,
				C8E4E05229AFABE30022374C /* Cloud.swift */,
			);
			path = GameObjects;
			sourceTree = "<group>";
		};
		C8E4E04A29AFAB810022374C /* Scenes */ = {
			isa = PBXGroup;
			children = (
				C8E4E00729AFA4FB0022374C /* GameScene.swift */,
				C8E4E00329AFA4FB0022374C /* GameScene.sks */,
			);
			path = Scenes;
			sourceTree = "<group>";
		};
		C8E4E04B29AFAB9C0022374C /* Managers */ = {
			isa = PBXGroup;
			children = (
			);
			path = Managers;
			sourceTree = "<group>";
		};
		C8E4E05429AFAC120022374C /* Views */ = {
			isa = PBXGroup;
			children = (
				C8E4E00B29AFA4FB0022374C /* Main.storyboard */,
				C8E4E01029AFA4FD0022374C /* LaunchScreen.storyboard */,
			);
			path = Views;
			sourceTree = "<group>";
		};
		C8E4E05629AFAC780022374C /* Controller */ = {
			isa = PBXGroup;
			children = (
				C8E4E00929AFA4FB0022374C /* GameViewController.swift */,
			);
			path = Controller;
			sourceTree = "<group>";
		};
/* End PBXGroup section */

/* Begin PBXNativeTarget section */
		C8E4DFFD29AFA4FB0022374C /* MAPD724-W2022-MidTerm-301287641 */ = {
			isa = PBXNativeTarget;
			buildConfigurationList = C8E4E01529AFA4FD0022374C /* Build configuration list for PBXNativeTarget "MAPD724-W2022-MidTerm-301287641" */;
			buildPhases = (
				C8E4DFFA29AFA4FB0022374C /* Sources */,
				C8E4DFFB29AFA4FB0022374C /* Frameworks */,
				C8E4DFFC29AFA4FB0022374C /* Resources */,
			);
			buildRules = (
			);
			dependencies = (
			);
			name = "MAPD724-W2022-MidTerm-301287641";
			productName = "MAPD724-W2022-MidTerm-301287641";
			productReference = C8E4DFFE29AFA4FB0022374C /* MAPD724-W2022-MidTerm-301287641.app */;
			productType = "com.apple.product-type.application";
		};
/* End PBXNativeTarget section */

/* Begin PBXProject section */
		C8E4DFF629AFA4FB0022374C /* Project object */ = {
			isa = PBXProject;
			attributes = {
				BuildIndependentTargetsInParallel = 1;
				LastSwiftUpdateCheck = 1420;
				LastUpgradeCheck = 1420;
				TargetAttributes = {
					C8E4DFFD29AFA4FB0022374C = {
						CreatedOnToolsVersion = 14.2;
					};
				};
			};
			buildConfigurationList = C8E4DFF929AFA4FB0022374C /* Build configuration list for PBXProject "MAPD724-W2022-MidTerm-301287641" */;
			compatibilityVersion = "Xcode 14.0";
			developmentRegion = en;
			hasScannedForEncodings = 0;
			knownRegions = (
				en,
				Base,
			);
			mainGroup = C8E4DFF529AFA4FB0022374C;
			productRefGroup = C8E4DFFF29AFA4FB0022374C /* Products */;
			projectDirPath = "";
			projectRoot = "";
			targets = (
				C8E4DFFD29AFA4FB0022374C /* MAPD724-W2022-MidTerm-301287641 */,
			);
		};
/* End PBXProject section */

/* Begin PBXResourcesBuildPhase section */
		C8E4DFFC29AFA4FB0022374C /* Resources */ = {
			isa = PBXResourcesBuildPhase;
			buildActionMask = 2147483647;
			files = (
				C8E4E03929AFA7D90022374C /* thunder.ogg in Resources */,
				C8E4E00D29AFA4FB0022374C /* Main.storyboard in Resources */,
				C8E4E03F29AFA7D90022374C /* Dock51.ttf in Resources */,
				C8E4E03C29AFA7D90022374C /* engine.mp3 in Resources */,
				C8E4E03E29AFA7D90022374C /* yay.mp3 in Resources */,
				C8E4E00429AFA4FB0022374C /* GameScene.sks in Resources */,
				C8E4E03A29AFA7D90022374C /* yay.ogg in Resources */,
				C8E4E03D29AFA7D90022374C /* thunder.mp3 in Resources */,
				C8E4E03B29AFA7D90022374C /* engine.ogg in Resources */,
				C8E4E00F29AFA4FD0022374C /* Assets.xcassets in Resources */,
				C8E4E01229AFA4FD0022374C /* LaunchScreen.storyboard in Resources */,
			);
			runOnlyForDeploymentPostprocessing = 0;
		};
/* End PBXResourcesBuildPhase section */

/* Begin PBXSourcesBuildPhase section */
		C8E4DFFA29AFA4FB0022374C /* Sources */ = {
			isa = PBXSourcesBuildPhase;
			buildActionMask = 2147483647;
			files = (
				C8E4E04D29AFABBF0022374C /* Ocean.swift in Sources */,
				C8E4E04429AFA9CD0022374C /* GameObject.swift in Sources */,
				C8E4E04F29AFABCC0022374C /* Island.swift in Sources */,
				C8E4E04629AFA9D90022374C /* GameProtocol.swift in Sources */,
				C8E4E00829AFA4FB0022374C /* GameScene.swift in Sources */,
				C8E4E05329AFABE30022374C /* Cloud.swift in Sources */,
				C8E4E04829AFA9E90022374C /* Layer.swift in Sources */,
				C8E4E00A29AFA4FB0022374C /* GameViewController.swift in Sources */,
				C8E4E05129AFABDA0022374C /* Player.swift in Sources */,
				C8E4E00229AFA4FB0022374C /* AppDelegate.swift in Sources */,
			);
			runOnlyForDeploymentPostprocessing = 0;
		};
/* End PBXSourcesBuildPhase section */

/* Begin PBXVariantGroup section */
		C8E4E00B29AFA4FB0022374C /* Main.storyboard */ = {
			isa = PBXVariantGroup;
			children = (
				C8E4E00C29AFA4FB0022374C /* Base */,
			);
			name = Main.storyboard;
			sourceTree = "<group>";
		};
		C8E4E01029AFA4FD0022374C /* LaunchScreen.storyboard */ = {
			isa = PBXVariantGroup;
			children = (
				C8E4E01129AFA4FD0022374C /* Base */,
			);
			name = LaunchScreen.storyboard;
			sourceTree = "<group>";
		};
/* End PBXVariantGroup section */

/* Begin XCBuildConfiguration section */
		C8E4E01329AFA4FD0022374C /* Debug */ = {
			isa = XCBuildConfiguration;
			buildSettings = {
				ALWAYS_SEARCH_USER_PATHS = NO;
				CLANG_ANALYZER_NONNULL = YES;
				CLANG_ANALYZER_NUMBER_OBJECT_CONVERSION = YES_AGGRESSIVE;
				CLANG_CXX_LANGUAGE_STANDARD = "gnu++20";
				CLANG_ENABLE_MODULES = YES;
				CLANG_ENABLE_OBJC_ARC = YES;
				CLANG_ENABLE_OBJC_WEAK = YES;
				CLANG_WARN_BLOCK_CAPTURE_AUTORELEASING = YES;
				CLANG_WARN_BOOL_CONVERSION = YES;
				CLANG_WARN_COMMA = YES;
				CLANG_WARN_CONSTANT_CONVERSION = YES;
				CLANG_WARN_DEPRECATED_OBJC_IMPLEMENTATIONS = YES;
				CLANG_WARN_DIRECT_OBJC_ISA_USAGE = YES_ERROR;
				CLANG_WARN_DOCUMENTATION_COMMENTS = YES;
				CLANG_WARN_EMPTY_BODY = YES;
				CLANG_WARN_ENUM_CONVERSION = YES;
				CLANG_WARN_INFINITE_RECURSION = YES;
				CLANG_WARN_INT_CONVERSION = YES;
				CLANG_WARN_NON_LITERAL_NULL_CONVERSION = YES;
				CLANG_WARN_OBJC_IMPLICIT_RETAIN_SELF = YES;
				CLANG_WARN_OBJC_LITERAL_CONVERSION = YES;
				CLANG_WARN_OBJC_ROOT_CLASS = YES_ERROR;
				CLANG_WARN_QUOTED_INCLUDE_IN_FRAMEWORK_HEADER = YES;
				CLANG_WARN_RANGE_LOOP_ANALYSIS = YES;
				CLANG_WARN_STRICT_PROTOTYPES = YES;
				CLANG_WARN_SUSPICIOUS_MOVE = YES;
				CLANG_WARN_UNGUARDED_AVAILABILITY = YES_AGGRESSIVE;
				CLANG_WARN_UNREACHABLE_CODE = YES;
				CLANG_WARN__DUPLICATE_METHOD_MATCH = YES;
				COPY_PHASE_STRIP = NO;
				DEBUG_INFORMATION_FORMAT = dwarf;
				ENABLE_STRICT_OBJC_MSGSEND = YES;
				ENABLE_TESTABILITY = YES;
				GCC_C_LANGUAGE_STANDARD = gnu11;
				GCC_DYNAMIC_NO_PIC = NO;
				GCC_NO_COMMON_BLOCKS = YES;
				GCC_OPTIMIZATION_LEVEL = 0;
				GCC_PREPROCESSOR_DEFINITIONS = (
					"DEBUG=1",
					"$(inherited)",
				);
				GCC_WARN_64_TO_32_BIT_CONVERSION = YES;
				GCC_WARN_ABOUT_RETURN_TYPE = YES_ERROR;
				GCC_WARN_UNDECLARED_SELECTOR = YES;
				GCC_WARN_UNINITIALIZED_AUTOS = YES_AGGRESSIVE;
				GCC_WARN_UNUSED_FUNCTION = YES;
				GCC_WARN_UNUSED_VARIABLE = YES;
				IPHONEOS_DEPLOYMENT_TARGET = 16.2;
				MTL_ENABLE_DEBUG_INFO = INCLUDE_SOURCE;
				MTL_FAST_MATH = YES;
				ONLY_ACTIVE_ARCH = YES;
				SDKROOT = iphoneos;
				SWIFT_ACTIVE_COMPILATION_CONDITIONS = DEBUG;
				SWIFT_OPTIMIZATION_LEVEL = "-Onone";
			};
			name = Debug;
		};
		C8E4E01429AFA4FD0022374C /* Release */ = {
			isa = XCBuildConfiguration;
			buildSettings = {
				ALWAYS_SEARCH_USER_PATHS = NO;
				CLANG_ANALYZER_NONNULL = YES;
				CLANG_ANALYZER_NUMBER_OBJECT_CONVERSION = YES_AGGRESSIVE;
				CLANG_CXX_LANGUAGE_STANDARD = "gnu++20";
				CLANG_ENABLE_MODULES = YES;
				CLANG_ENABLE_OBJC_ARC = YES;
				CLANG_ENABLE_OBJC_WEAK = YES;
				CLANG_WARN_BLOCK_CAPTURE_AUTORELEASING = YES;
				CLANG_WARN_BOOL_CONVERSION = YES;
				CLANG_WARN_COMMA = YES;
				CLANG_WARN_CONSTANT_CONVERSION = YES;
				CLANG_WARN_DEPRECATED_OBJC_IMPLEMENTATIONS = YES;
				CLANG_WARN_DIRECT_OBJC_ISA_USAGE = YES_ERROR;
				CLANG_WARN_DOCUMENTATION_COMMENTS = YES;
				CLANG_WARN_EMPTY_BODY = YES;
				CLANG_WARN_ENUM_CONVERSION = YES;
				CLANG_WARN_INFINITE_RECURSION = YES;
				CLANG_WARN_INT_CONVERSION = YES;
				CLANG_WARN_NON_LITERAL_NULL_CONVERSION = YES;
				CLANG_WARN_OBJC_IMPLICIT_RETAIN_SELF = YES;
				CLANG_WARN_OBJC_LITERAL_CONVERSION = YES;
				CLANG_WARN_OBJC_ROOT_CLASS = YES_ERROR;
				CLANG_WARN_QUOTED_INCLUDE_IN_FRAMEWORK_HEADER = YES;
				CLANG_WARN_RANGE_LOOP_ANALYSIS = YES;
				CLANG_WARN_STRICT_PROTOTYPES = YES;
				CLANG_WARN_SUSPICIOUS_MOVE = YES;
				CLANG_WARN_UNGUARDED_AVAILABILITY = YES_AGGRESSIVE;
				CLANG_WARN_UNREACHABLE_CODE = YES;
				CLANG_WARN__DUPLICATE_METHOD_MATCH = YES;
				COPY_PHASE_STRIP = NO;
				DEBUG_INFORMATION_FORMAT = "dwarf-with-dsym";
				ENABLE_NS_ASSERTIONS = NO;
				ENABLE_STRICT_OBJC_MSGSEND = YES;
				GCC_C_LANGUAGE_STANDARD = gnu11;
				GCC_NO_COMMON_BLOCKS = YES;
				GCC_WARN_64_TO_32_BIT_CONVERSION = YES;
				GCC_WARN_ABOUT_RETURN_TYPE = YES_ERROR;
				GCC_WARN_UNDECLARED_SELECTOR = YES;
				GCC_WARN_UNINITIALIZED_AUTOS = YES_AGGRESSIVE;
				GCC_WARN_UNUSED_FUNCTION = YES;
				GCC_WARN_UNUSED_VARIABLE = YES;
				IPHONEOS_DEPLOYMENT_TARGET = 16.2;
				MTL_ENABLE_DEBUG_INFO = NO;
				MTL_FAST_MATH = YES;
				SDKROOT = iphoneos;
				SWIFT_COMPILATION_MODE = wholemodule;
				SWIFT_OPTIMIZATION_LEVEL = "-O";
				VALIDATE_PRODUCT = YES;
			};
			name = Release;
		};
		C8E4E01629AFA4FD0022374C /* Debug */ = {
			isa = XCBuildConfiguration;
			buildSettings = {
				ASSETCATALOG_COMPILER_APPICON_NAME = AppIcon;
				ASSETCATALOG_COMPILER_GLOBAL_ACCENT_COLOR_NAME = AccentColor;
				CODE_SIGN_STYLE = Automatic;
				CURRENT_PROJECT_VERSION = 1;
				DEVELOPMENT_TEAM = LJ3GN38QT5;
				GENERATE_INFOPLIST_FILE = YES;
				INFOPLIST_KEY_UIApplicationSupportsIndirectInputEvents = YES;
				INFOPLIST_KEY_UILaunchStoryboardName = LaunchScreen;
				INFOPLIST_KEY_UIMainStoryboardFile = Main;
				INFOPLIST_KEY_UIStatusBarHidden = YES;
				INFOPLIST_KEY_UISupportedInterfaceOrientations = UIInterfaceOrientationLandscapeLeft;
				INFOPLIST_KEY_UISupportedInterfaceOrientations_iPad = "UIInterfaceOrientationLandscapeLeft UIInterfaceOrientationLandscapeRight UIInterfaceOrientationPortrait UIInterfaceOrientationPortraitUpsideDown";
				LD_RUNPATH_SEARCH_PATHS = (
					"$(inherited)",
					"@executable_path/Frameworks",
				);
				MARKETING_VERSION = 1.0;
				PRODUCT_BUNDLE_IDENTIFIER = "com.wilsonmungai.MAPD724-W2022-MidTerm-301287641";
				PRODUCT_NAME = "$(TARGET_NAME)";
				SWIFT_EMIT_LOC_STRINGS = YES;
				SWIFT_VERSION = 5.0;
				TARGETED_DEVICE_FAMILY = "1,2";
			};
			name = Debug;
		};
		C8E4E01729AFA4FD0022374C /* Release */ = {
			isa = XCBuildConfiguration;
			buildSettings = {
				ASSETCATALOG_COMPILER_APPICON_NAME = AppIcon;
				ASSETCATALOG_COMPILER_GLOBAL_ACCENT_COLOR_NAME = AccentColor;
				CODE_SIGN_STYLE = Automatic;
				CURRENT_PROJECT_VERSION = 1;
				DEVELOPMENT_TEAM = LJ3GN38QT5;
				GENERATE_INFOPLIST_FILE = YES;
				INFOPLIST_KEY_UIApplicationSupportsIndirectInputEvents = YES;
				INFOPLIST_KEY_UILaunchStoryboardName = LaunchScreen;
				INFOPLIST_KEY_UIMainStoryboardFile = Main;
				INFOPLIST_KEY_UIStatusBarHidden = YES;
				INFOPLIST_KEY_UISupportedInterfaceOrientations = UIInterfaceOrientationLandscapeLeft;
				INFOPLIST_KEY_UISupportedInterfaceOrientations_iPad = "UIInterfaceOrientationLandscapeLeft UIInterfaceOrientationLandscapeRight UIInterfaceOrientationPortrait UIInterfaceOrientationPortraitUpsideDown";
				LD_RUNPATH_SEARCH_PATHS = (
					"$(inherited)",
					"@executable_path/Frameworks",
				);
				MARKETING_VERSION = 1.0;
				PRODUCT_BUNDLE_IDENTIFIER = "com.wilsonmungai.MAPD724-W2022-MidTerm-301287641";
				PRODUCT_NAME = "$(TARGET_NAME)";
				SWIFT_EMIT_LOC_STRINGS = YES;
				SWIFT_VERSION = 5.0;
				TARGETED_DEVICE_FAMILY = "1,2";
			};
			name = Release;
		};
/* End XCBuildConfiguration section */

/* Begin XCConfigurationList section */
		C8E4DFF929AFA4FB0022374C /* Build configuration list for PBXProject "MAPD724-W2022-MidTerm-301287641" */ = {
			isa = XCConfigurationList;
			buildConfigurations = (
				C8E4E01329AFA4FD0022374C /* Debug */,
				C8E4E01429AFA4FD0022374C /* Release */,
			);
			defaultConfigurationIsVisible = 0;
			defaultConfigurationName = Release;
		};
		C8E4E01529AFA4FD0022374C /* Build configuration list for PBXNativeTarget "MAPD724-W2022-MidTerm-301287641" */ = {
			isa = XCConfigurationList;
			buildConfigurations = (
				C8E4E01629AFA4FD0022374C /* Debug */,
				C8E4E01729AFA4FD0022374C /* Release */,
			);
			defaultConfigurationIsVisible = 0;
			defaultConfigurationName = Release;
		};
/* End XCConfigurationList section */
	};
	rootObject = C8E4DFF629AFA4FB0022374C /* Project object */;
}
